Microsoft Visual Studio Solution File, Format Version 12.00
# Visual Studio Version 17
VisualStudioVersion = 17.13.35919.96
MinimumVisualStudioVersion = 10.0.40219.1
Project("{FAE04EC0-301F-11D3-BF4B-00C04F79EFBC}") = "Mockbench", "K:\source\Mockbench\Mockbench\Mockbench\Mockbench.csproj", "{605C0D5E-8AA3-4813-882A-621C859E5A71}"
EndProject
Project("{FAE04EC0-301F-11D3-BF4B-00C04F79EFBC}") = "Mockbench.Client", "K:\source\Mockbench\Mockbench\Mockbench.Client\Mockbench.Client.csproj", "{3D3676E1-C363-4649-AD3E-0EFB1846D41D}"
EndProject
Project("{FAE04EC0-301F-11D3-BF4B-00C04F79EFBC}") = "Mockbench.Api", "K:\source\Mockbench\Mockbench\Mockbench.Api\Mockbench.Api.csproj", "{D273688C-E29D-480E-8EE5-EDCBEF245C12}"
EndProject
Project("{2150E333-8FDC-42A3-9474-1A3956D46DE8}") = "Libraries", "Libraries", "{02EA681E-C7D8-13C7-8484-4AC65E1B71E8}"
EndProject
Project("{2150E333-8FDC-42A3-9474-1A3956D46DE8}") = "Shared", "Shared", "{1D1DDECC-E99A-41BC-90E6-22831FBFD8ED}"
EndProject
Project("{FAE04EC0-301F-11D3-BF4B-00C04F79EFBC}") = "Mockbench.Abstractions", "K:\source\Mockbench\Mockbench\Mockbench.Abstractions\Mockbench.Abstractions.csproj", "{13500660-D3DF-0D1A-8CD2-D760565D515F}"
EndProject
Project("{FAE04EC0-301F-11D3-BF4B-00C04F79EFBC}") = "Mockbench.Shared", "K:\source\Mockbench\Mockbench\Mockbench.Shared\Mockbench.Shared.csproj", "{2029ED32-B120-92A4-13BB-092A93E57F40}"
EndProject
Project("{FAE04EC0-301F-11D3-BF4B-00C04F79EFBC}") = "Mockbench.Data", "K:\source\Mockbench\Mockbench\Mockbench.Data\Mockbench.Data.csproj", "{02DB3D99-358C-B583-262F-B90CC5AD1B2A}"
EndProject
Project("{FAE04EC0-301F-11D3-BF4B-00C04F79EFBC}") = "Mockbench.Data.Sqlite", "K:\source\Mockbench\Mockbench\Mockbench.Data.Sqlite\Mockbench.Data.Sqlite.csproj", "{7DD89934-2AD6-4A75-BDA5-DC2FD3A5D0BD}"
EndProject
Project("{FAE04EC0-301F-11D3-BF4B-00C04F79EFBC}") = "Mockbench.Data.SqlServer", "K:\source\Mockbench\Mockbench\Mockbench.Data.SqlServer\Mockbench.Data.SqlServer.csproj", "{E269DF6A-8625-4E20-9108-AED64F5D30D3}"
EndProject
Project("{FAE04EC0-301F-11D3-BF4B-00C04F79EFBC}") = "Mockbench.Services", "K:\source\Mockbench\Mockbench\Mockbench.Services\Mockbench.Services.csproj", "{C05C4CDB-AB1B-0FF3-A20F-B783A888F170}"
EndProject
Project("{FAE04EC0-301F-11D3-BF4B-00C04F79EFBC}") = "Mockbench.Http", "K:\source\Mockbench\Mockbench\Mockbench.Http\Mockbench.Http.csproj", "{D6732182-DB7E-438F-ADBC-6B07E2069F48}"
EndProject
Project("{FAE04EC0-301F-11D3-BF4B-00C04F79EFBC}") = "Mockbench.Data.Postgres", "K:\source\Mockbench\Mockbench\Mockbench.Data.Postgres\Mockbench.Data.Postgres.csproj", "{F07847BB-C899-DEE2-72BC-7AEB5C89BD76}"
EndProject
Project("{2150E333-8FDC-42A3-9474-1A3956D46DE8}") = "Tests", "Tests", "{0AB3BF05-4346-4AA6-1389-037BE0695223}"
EndProject
Project("{FAE04EC0-301F-11D3-BF4B-00C04F79EFBC}") = "Mockbench.Services.Tests", "K:\source\Mockbench\Mockbench\Tests\Mockbench.Services.Tests\Mockbench.Services.Tests.csproj", "{184A4745-762A-42ED-9C61-AA16CCECAC2D}"
EndProject
Project("{FAE04EC0-301F-11D3-BF4B-00C04F79EFBC}") = "Mockbench.Http.Tests", "Mockbench\Tests\Mockbench.Http.Tests\Mockbench.Http.Tests.csproj", "{1EF0A6AF-4BA7-460E-A507-51653334BE20}"
EndProject
Project("{FAE04EC0-301F-11D3-BF4B-00C04F79EFBC}") = "Mockbench.Api.Tests", "Mockbench\Tests\Mockbench.Api.Tests\Mockbench.Api.Tests.csproj", "{5F9EB6DC-DB92-84A5-AB0D-6EB03816783A}"
EndProject
Global
	GlobalSection(SolutionConfigurationPlatforms) = preSolution
		Debug|Any CPU = Debug|Any CPU
		Release|Any CPU = Release|Any CPU
	EndGlobalSection
	GlobalSection(ProjectConfigurationPlatforms) = postSolution
		{605C0D5E-8AA3-4813-882A-621C859E5A71}.Debug|Any CPU.ActiveCfg = Debug|Any CPU
		{605C0D5E-8AA3-4813-882A-621C859E5A71}.Debug|Any CPU.Build.0 = Debug|Any CPU
		{605C0D5E-8AA3-4813-882A-621C859E5A71}.Release|Any CPU.ActiveCfg = Release|Any CPU
		{605C0D5E-8AA3-4813-882A-621C859E5A71}.Release|Any CPU.Build.0 = Release|Any CPU
		{3D3676E1-C363-4649-AD3E-0EFB1846D41D}.Debug|Any CPU.ActiveCfg = Debug|Any CPU
		{3D3676E1-C363-4649-AD3E-0EFB1846D41D}.Debug|Any CPU.Build.0 = Debug|Any CPU
		{3D3676E1-C363-4649-AD3E-0EFB1846D41D}.Release|Any CPU.ActiveCfg = Release|Any CPU
		{3D3676E1-C363-4649-AD3E-0EFB1846D41D}.Release|Any CPU.Build.0 = Release|Any CPU
		{D273688C-E29D-480E-8EE5-EDCBEF245C12}.Debug|Any CPU.ActiveCfg = Debug|Any CPU
		{D273688C-E29D-480E-8EE5-EDCBEF245C12}.Debug|Any CPU.Build.0 = Debug|Any CPU
		{D273688C-E29D-480E-8EE5-EDCBEF245C12}.Release|Any CPU.ActiveCfg = Release|Any CPU
		{D273688C-E29D-480E-8EE5-EDCBEF245C12}.Release|Any CPU.Build.0 = Release|Any CPU
		{13500660-D3DF-0D1A-8CD2-D760565D515F}.Debug|Any CPU.ActiveCfg = Debug|Any CPU
		{13500660-D3DF-0D1A-8CD2-D760565D515F}.Debug|Any CPU.Build.0 = Debug|Any CPU
		{13500660-D3DF-0D1A-8CD2-D760565D515F}.Release|Any CPU.ActiveCfg = Release|Any CPU
		{13500660-D3DF-0D1A-8CD2-D760565D515F}.Release|Any CPU.Build.0 = Release|Any CPU
		{2029ED32-B120-92A4-13BB-092A93E57F40}.Debug|Any CPU.ActiveCfg = Debug|Any CPU
		{2029ED32-B120-92A4-13BB-092A93E57F40}.Debug|Any CPU.Build.0 = Debug|Any CPU
		{2029ED32-B120-92A4-13BB-092A93E57F40}.Release|Any CPU.ActiveCfg = Release|Any CPU
		{2029ED32-B120-92A4-13BB-092A93E57F40}.Release|Any CPU.Build.0 = Release|Any CPU
		{02DB3D99-358C-B583-262F-B90CC5AD1B2A}.Debug|Any CPU.ActiveCfg = Debug|Any CPU
		{02DB3D99-358C-B583-262F-B90CC5AD1B2A}.Debug|Any CPU.Build.0 = Debug|Any CPU
		{02DB3D99-358C-B583-262F-B90CC5AD1B2A}.Release|Any CPU.ActiveCfg = Release|Any CPU
		{02DB3D99-358C-B583-262F-B90CC5AD1B2A}.Release|Any CPU.Build.0 = Release|Any CPU
		{7DD89934-2AD6-4A75-BDA5-DC2FD3A5D0BD}.Debug|Any CPU.ActiveCfg = Debug|Any CPU
		{7DD89934-2AD6-4A75-BDA5-DC2FD3A5D0BD}.Debug|Any CPU.Build.0 = Debug|Any CPU
		{7DD89934-2AD6-4A75-BDA5-DC2FD3A5D0BD}.Release|Any CPU.ActiveCfg = Release|Any CPU
		{7DD89934-2AD6-4A75-BDA5-DC2FD3A5D0BD}.Release|Any CPU.Build.0 = Release|Any CPU
		{E269DF6A-8625-4E20-9108-AED64F5D30D3}.Debug|Any CPU.ActiveCfg = Debug|Any CPU
		{E269DF6A-8625-4E20-9108-AED64F5D30D3}.Debug|Any CPU.Build.0 = Debug|Any CPU
		{E269DF6A-8625-4E20-9108-AED64F5D30D3}.Release|Any CPU.ActiveCfg = Release|Any CPU
		{E269DF6A-8625-4E20-9108-AED64F5D30D3}.Release|Any CPU.Build.0 = Release|Any CPU
		{C05C4CDB-AB1B-0FF3-A20F-B783A888F170}.Debug|Any CPU.ActiveCfg = Debug|Any CPU
		{C05C4CDB-AB1B-0FF3-A20F-B783A888F170}.Debug|Any CPU.Build.0 = Debug|Any CPU
		{C05C4CDB-AB1B-0FF3-A20F-B783A888F170}.Release|Any CPU.ActiveCfg = Release|Any CPU
		{C05C4CDB-AB1B-0FF3-A20F-B783A888F170}.Release|Any CPU.Build.0 = Release|Any CPU
		{D6732182-DB7E-438F-ADBC-6B07E2069F48}.Debug|Any CPU.ActiveCfg = Debug|Any CPU
		{D6732182-DB7E-438F-ADBC-6B07E2069F48}.Debug|Any CPU.Build.0 = Debug|Any CPU
		{D6732182-DB7E-438F-ADBC-6B07E2069F48}.Release|Any CPU.ActiveCfg = Release|Any CPU
		{D6732182-DB7E-438F-ADBC-6B07E2069F48}.Release|Any CPU.Build.0 = Release|Any CPU
		{F07847BB-C899-DEE2-72BC-7AEB5C89BD76}.Debug|Any CPU.ActiveCfg = Debug|Any CPU
		{F07847BB-C899-DEE2-72BC-7AEB5C89BD76}.Debug|Any CPU.Build.0 = Debug|Any CPU
		{F07847BB-C899-DEE2-72BC-7AEB5C89BD76}.Release|Any CPU.ActiveCfg = Release|Any CPU
		{F07847BB-C899-DEE2-72BC-7AEB5C89BD76}.Release|Any CPU.Build.0 = Release|Any CPU
		{184A4745-762A-42ED-9C61-AA16CCECAC2D}.Debug|Any CPU.ActiveCfg = Debug|Any CPU
		{184A4745-762A-42ED-9C61-AA16CCECAC2D}.Debug|Any CPU.Build.0 = Debug|Any CPU
		{184A4745-762A-42ED-9C61-AA16CCECAC2D}.Release|Any CPU.ActiveCfg = Release|Any CPU
		{184A4745-762A-42ED-9C61-AA16CCECAC2D}.Release|Any CPU.Build.0 = Release|Any CPU
		{1EF0A6AF-4BA7-460E-A507-51653334BE20}.Debug|Any CPU.ActiveCfg = Debug|Any CPU
		{1EF0A6AF-4BA7-460E-A507-51653334BE20}.Debug|Any CPU.Build.0 = Debug|Any CPU
		{1EF0A6AF-4BA7-460E-A507-51653334BE20}.Release|Any CPU.ActiveCfg = Release|Any CPU
		{1EF0A6AF-4BA7-460E-A507-51653334BE20}.Release|Any CPU.Build.0 = Release|Any CPU
		{5F9EB6DC-DB92-84A5-AB0D-6EB03816783A}.Debug|Any CPU.ActiveCfg = Debug|Any CPU
		{5F9EB6DC-DB92-84A5-AB0D-6EB03816783A}.Debug|Any CPU.Build.0 = Debug|Any CPU
		{5F9EB6DC-DB92-84A5-AB0D-6EB03816783A}.Release|Any CPU.ActiveCfg = Release|Any CPU
		{5F9EB6DC-DB92-84A5-AB0D-6EB03816783A}.Release|Any CPU.Build.0 = Release|Any CPU
	EndGlobalSection
	GlobalSection(SolutionProperties) = preSolution
		HideSolutionNode = FALSE
	EndGlobalSection
	GlobalSection(NestedProjects) = preSolution
		{D273688C-E29D-480E-8EE5-EDCBEF245C12} = {02EA681E-C7D8-13C7-8484-4AC65E1B71E8}
		{13500660-D3DF-0D1A-8CD2-D760565D515F} = {1D1DDECC-E99A-41BC-90E6-22831FBFD8ED}
		{2029ED32-B120-92A4-13BB-092A93E57F40} = {1D1DDECC-E99A-41BC-90E6-22831FBFD8ED}
		{02DB3D99-358C-B583-262F-B90CC5AD1B2A} = {02EA681E-C7D8-13C7-8484-4AC65E1B71E8}
		{7DD89934-2AD6-4A75-BDA5-DC2FD3A5D0BD} = {02EA681E-C7D8-13C7-8484-4AC65E1B71E8}
		{E269DF6A-8625-4E20-9108-AED64F5D30D3} = {02EA681E-C7D8-13C7-8484-4AC65E1B71E8}
		{C05C4CDB-AB1B-0FF3-A20F-B783A888F170} = {02EA681E-C7D8-13C7-8484-4AC65E1B71E8}
		{D6732182-DB7E-438F-ADBC-6B07E2069F48} = {02EA681E-C7D8-13C7-8484-4AC65E1B71E8}
		{F07847BB-C899-DEE2-72BC-7AEB5C89BD76} = {02EA681E-C7D8-13C7-8484-4AC65E1B71E8}
		{184A4745-762A-42ED-9C61-AA16CCECAC2D} = {0AB3BF05-4346-4AA6-1389-037BE0695223}
		{1EF0A6AF-4BA7-460E-A507-51653334BE20} = {0AB3BF05-4346-4AA6-1389-037BE0695223}
		{5F9EB6DC-DB92-84A5-AB0D-6EB03816783A} = {0AB3BF05-4346-4AA6-1389-037BE0695223}
	EndGlobalSection
	GlobalSection(ExtensibilityGlobals) = postSolution
		SolutionGuid = {A9CD1156-DB5A-420C-A807-6FE3963CC411}
	EndGlobalSection
EndGlobal
